
Microsoft Visual Studio Solution File, Format Version 12.00
# Visual Studio 15
VisualStudioVersion = 15.0.28010.2026
MinimumVisualStudioVersion = 10.0.40219.1
Project("{9A19103F-16F7-4668-BE54-9A1E7A4F7556}") = "TheBerthaRestConsumer", "TheBerthaRestConsumer\TheBerthaRestConsumer.csproj", "{BA3BC21E-1C73-4821-81CC-1AEC2D5A781A}"
EndProject
Project("{FAE04EC0-301F-11D3-BF4B-00C04F79EFBC}") = "TheBerthaTestProject", "TheBerthaTestProject\TheBerthaTestProject.csproj", "{FA05EC25-FB85-448C-AC8E-23DA775E66E1}"
EndProject
Global
	GlobalSection(SolutionConfigurationPlatforms) = preSolution
		Debug|Any CPU = Debug|Any CPU
		Release|Any CPU = Release|Any CPU
	EndGlobalSection
	GlobalSection(ProjectConfigurationPlatforms) = postSolution
		{BA3BC21E-1C73-4821-81CC-1AEC2D5A781A}.Debug|Any CPU.ActiveCfg = Debug|Any CPU
		{BA3BC21E-1C73-4821-81CC-1AEC2D5A781A}.Debug|Any CPU.Build.0 = Debug|Any CPU
		{BA3BC21E-1C73-4821-81CC-1AEC2D5A781A}.Release|Any CPU.ActiveCfg = Release|Any CPU
		{BA3BC21E-1C73-4821-81CC-1AEC2D5A781A}.Release|Any CPU.Build.0 = Release|Any CPU
		{FA05EC25-FB85-448C-AC8E-23DA775E66E1}.Debug|Any CPU.ActiveCfg = Debug|Any CPU
		{FA05EC25-FB85-448C-AC8E-23DA775E66E1}.Debug|Any CPU.Build.0 = Debug|Any CPU
		{FA05EC25-FB85-448C-AC8E-23DA775E66E1}.Release|Any CPU.ActiveCfg = Release|Any CPU
		{FA05EC25-FB85-448C-AC8E-23DA775E66E1}.Release|Any CPU.Build.0 = Release|Any CPU
	EndGlobalSection
	GlobalSection(SolutionProperties) = preSolution
		HideSolutionNode = FALSE
	EndGlobalSection
	GlobalSection(ExtensibilityGlobals) = postSolution
		SolutionGuid = {0EE63F2A-C423-42EA-8D3C-7EB9A83E5422}
	EndGlobalSection
EndGlobal
